// !$*UTF8*$!
{
	archiveVersion = 1;
	classes = {
	};
	objectVersion = 50;
	objects = {

/* Begin PBXBuildFile section */
		12D737BF2153714000CEA387 /* AppDelegate.swift in Sources */ = {isa = PBXBuildFile; fileRef = 12D737BE2153714000CEA387 /* AppDelegate.swift */; };
		12D737C12153714000CEA387 /* ViewController.swift in Sources */ = {isa = PBXBuildFile; fileRef = 12D737C02153714000CEA387 /* ViewController.swift */; };
		12D737C42153714000CEA387 /* Main.storyboard in Resources */ = {isa = PBXBuildFile; fileRef = 12D737C22153714000CEA387 /* Main.storyboard */; };
		12D737C62153714100CEA387 /* Assets.xcassets in Resources */ = {isa = PBXBuildFile; fileRef = 12D737C52153714100CEA387 /* Assets.xcassets */; };
		12D737C92153714100CEA387 /* LaunchScreen.storyboard in Resources */ = {isa = PBXBuildFile; fileRef = 12D737C72153714100CEA387 /* LaunchScreen.storyboard */; };
		12D737D82153781100CEA387 /* extension.swift in Sources */ = {isa = PBXBuildFile; fileRef = 12D737D72153781100CEA387 /* extension.swift */; };
		12D737DA215379E000CEA387 /* CXPickerSwift.swift in Sources */ = {isa = PBXBuildFile; fileRef = 12D737D9215379E000CEA387 /* CXPickerSwift.swift */; };
/* End PBXBuildFile section */

/* Begin PBXFileReference section */
		12D737BB2153714000CEA387 /* CXDatePickerSwift.app */ = {isa = PBXFileReference; explicitFileType = wrapper.application; includeInIndex = 0; path = CXDatePickerSwift.app; sourceTree = BUILT_PRODUCTS_DIR; };
		12D737BE2153714000CEA387 /* AppDelegate.swift */ = {isa = PBXFileReference; lastKnownFileType = sourcecode.swift; path = AppDelegate.swift; sourceTree = "<group>"; };
		12D737C02153714000CEA387 /* ViewController.swift */ = {isa = PBXFileReference; lastKnownFileType = sourcecode.swift; path = ViewController.swift; sourceTree = "<group>"; };
		12D737C32153714000CEA387 /* Base */ = {isa = PBXFileReference; lastKnownFileType = file.storyboard; name = Base; path = Base.lproj/Main.storyboard; sourceTree = "<group>"; };
		12D737C52153714100CEA387 /* Assets.xcassets */ = {isa = PBXFileReference; lastKnownFileType = folder.assetcatalog; path = Assets.xcassets; sourceTree = "<group>"; };
		12D737C82153714100CEA387 /* Base */ = {isa = PBXFileReference; lastKnownFileType = file.storyboard; name = Base; path = Base.lproj/LaunchScreen.storyboard; sourceTree = "<group>"; };
		12D737CA2153714100CEA387 /* Info.plist */ = {isa = PBXFileReference; lastKnownFileType = text.plist.xml; path = Info.plist; sourceTree = "<group>"; };
		12D737D72153781100CEA387 /* extension.swift */ = {isa = PBXFileReference; lastKnownFileType = sourcecode.swift; path = extension.swift; sourceTree = "<group>"; };
		12D737D9215379E000CEA387 /* CXPickerSwift.swift */ = {isa = PBXFileReference; lastKnownFileType = sourcecode.swift; path = CXPickerSwift.swift; sourceTree = "<group>"; };
/* End PBXFileReference section */

/* Begin PBXFrameworksBuildPhase section */
		12D737B82153714000CEA387 /* Frameworks */ = {
			isa = PBXFrameworksBuildPhase;
			buildActionMask = 2147483647;
			files = (
			);
			runOnlyForDeploymentPostprocessing = 0;
		};
/* End PBXFrameworksBuildPhase section */

/* Begin PBXGroup section */
		12D737B22153714000CEA387 = {
			isa = PBXGroup;
			children = (
				12D737BD2153714000CEA387 /* CXDatePickerSwift */,
				12D737BC2153714000CEA387 /* Products */,
			);
			sourceTree = "<group>";
		};
		12D737BC2153714000CEA387 /* Products */ = {
			isa = PBXGroup;
			children = (
				12D737BB2153714000CEA387 /* CXDatePickerSwift.app */,
			);
			name = Products;
			sourceTree = "<group>";
		};
		12D737BD2153714000CEA387 /* CXDatePickerSwift */ = {
			isa = PBXGroup;
			children = (
				12D737D02153720100CEA387 /* CXDatePickerSwift */,
				12D737BE2153714000CEA387 /* AppDelegate.swift */,
				12D737C02153714000CEA387 /* ViewController.swift */,
				12D737C22153714000CEA387 /* Main.storyboard */,
				12D737C52153714100CEA387 /* Assets.xcassets */,
				12D737C72153714100CEA387 /* LaunchScreen.storyboard */,
				12D737CA2153714100CEA387 /* Info.plist */,
			);
			path = CXDatePickerSwift;
			sourceTree = "<group>";
		};
		12D737D02153720100CEA387 /* CXDatePickerSwift */ = {
			isa = PBXGroup;
			children = (
				12D737D72153781100CEA387 /* extension.swift */,
				12D737D9215379E000CEA387 /* CXPickerSwift.swift */,
			);
			path = CXDatePickerSwift;
			sourceTree = "<group>";
		};
/* End PBXGroup section */

/* Begin PBXNativeTarget section */
		12D737BA2153714000CEA387 /* CXDatePickerSwift */ = {
			isa = PBXNativeTarget;
			buildConfigurationList = 12D737CD2153714100CEA387 /* Build configuration list for PBXNativeTarget "CXDatePickerSwift" */;
			buildPhases = (
				12D737B72153714000CEA387 /* Sources */,
				12D737B82153714000CEA387 /* Frameworks */,
				12D737B92153714000CEA387 /* Resources */,
			);
			buildRules = (
			);
			dependencies = (
			);
			name = CXDatePickerSwift;
			productName = CXDatePickerSwift;
			productReference = 12D737BB2153714000CEA387 /* CXDatePickerSwift.app */;
			productType = "com.apple.product-type.application";
		};
/* End PBXNativeTarget section */

/* Begin PBXProject section */
		12D737B32153714000CEA387 /* Project object */ = {
			isa = PBXProject;
			attributes = {
				LastSwiftUpdateCheck = 0940;
				LastUpgradeCheck = 0940;
				ORGANIZATIONNAME = "xi chen";
				TargetAttributes = {
					12D737BA2153714000CEA387 = {
						CreatedOnToolsVersion = 9.4;
						LastSwiftMigration = 0940;
					};
				};
			};
			buildConfigurationList = 12D737B62153714000CEA387 /* Build configuration list for PBXProject "CXDatePickerSwift" */;
			compatibilityVersion = "Xcode 9.3";
			developmentRegion = en;
			hasScannedForEncodings = 0;
			knownRegions = (
				en,
				Base,
			);
			mainGroup = 12D737B22153714000CEA387;
			productRefGroup = 12D737BC2153714000CEA387 /* Products */;
			projectDirPath = "";
			projectRoot = "";
			targets = (
				12D737BA2153714000CEA387 /* CXDatePickerSwift */,
			);
		};
/* End PBXProject section */

/* Begin PBXResourcesBuildPhase section */
		12D737B92153714000CEA387 /* Resources */ = {
			isa = PBXResourcesBuildPhase;
			buildActionMask = 2147483647;
			files = (
				12D737C92153714100CEA387 /* LaunchScreen.storyboard in Resources */,
				12D737C62153714100CEA387 /* Assets.xcassets in Resources */,
				12D737C42153714000CEA387 /* Main.storyboard in Resources */,
			);
			runOnlyForDeploymentPostprocessing = 0;
		};
/* End PBXResourcesBuildPhase section */

/* Begin PBXSourcesBuildPhase section */
		12D737B72153714000CEA387 /* Sources */ = {
			isa = PBXSourcesBuildPhase;
			buildActionMask = 2147483647;
			files = (
				12D737DA215379E000CEA387 /* CXPickerSwift.swift in Sources */,
				12D737D82153781100CEA387 /* extension.swift in Sources */,
				12D737C12153714000CEA387 /* ViewController.swift in Sources */,
				12D737BF2153714000CEA387 /* AppDelegate.swift in Sources */,
			);
			runOnlyForDeploymentPostprocessing = 0;
		};
/* End PBXSourcesBuildPhase section */

/* Begin PBXVariantGroup section */
		12D737C22153714000CEA387 /* Main.storyboard */ = {
			isa = PBXVariantGroup;
			children = (
				12D737C32153714000CEA387 /* Base */,
			);
			name = Main.storyboard;
			sourceTree = "<group>";
		};
		12D737C72153714100CEA387 /* LaunchScreen.storyboard */ = {
			isa = PBXVariantGroup;
			children = (
				12D737C82153714100CEA387 /* Base */,
			);
			name = LaunchScreen.storyboard;
			sourceTree = "<group>";
		};
/* End PBXVariantGroup section */

/* Begin XCBuildConfiguration section */
		12D737CB2153714100CEA387 /* Debug */ = {
			isa = XCBuildConfiguration;
			buildSettings = {
				ALWAYS_SEARCH_USER_PATHS = NO;
				CLANG_ANALYZER_NONNULL = YES;
				CLANG_ANALYZER_NUMBER_OBJECT_CONVERSION = YES_AGGRESSIVE;
				CLANG_CXX_LANGUAGE_STANDARD = "gnu++14";
				CLANG_CXX_LIBRARY = "libc++";
				CLANG_ENABLE_MODULES = YES;
				CLANG_ENABLE_OBJC_ARC = YES;
				CLANG_ENABLE_OBJC_WEAK = YES;
				CLANG_WARN_BLOCK_CAPTURE_AUTORELEASING = YES;
				CLANG_WARN_BOOL_CONVERSION = YES;
				CLANG_WARN_COMMA = YES;
				CLANG_WARN_CONSTANT_CONVERSION = YES;
				CLANG_WARN_DEPRECATED_OBJC_IMPLEMENTATIONS = YES;
				CLANG_WARN_DIRECT_OBJC_ISA_USAGE = YES_ERROR;
				CLANG_WARN_DOCUMENTATION_COMMENTS = YES;
				CLANG_WARN_EMPTY_BODY = YES;
				CLANG_WARN_ENUM_CONVERSION = YES;
				CLANG_WARN_INFINITE_RECURSION = YES;
				CLANG_WARN_INT_CONVERSION = YES;
				CLANG_WARN_NON_LITERAL_NULL_CONVERSION = YES;
				CLANG_WARN_OBJC_IMPLICIT_RETAIN_SELF = YES;
				CLANG_WARN_OBJC_LITERAL_CONVERSION = YES;
				CLANG_WARN_OBJC_ROOT_CLASS = YES_ERROR;
				CLANG_WARN_RANGE_LOOP_ANALYSIS = YES;
				CLANG_WARN_STRICT_PROTOTYPES = YES;
				CLANG_WARN_SUSPICIOUS_MOVE = YES;
				CLANG_WARN_UNGUARDED_AVAILABILITY = YES_AGGRESSIVE;
				CLANG_WARN_UNREACHABLE_CODE = YES;
				CLANG_WARN__DUPLICATE_METHOD_MATCH = YES;
				CODE_SIGN_IDENTITY = "iPhone Developer";
				COPY_PHASE_STRIP = NO;
				DEBUG_INFORMATION_FORMAT = dwarf;
				ENABLE_STRICT_OBJC_MSGSEND = YES;
				ENABLE_TESTABILITY = YES;
				GCC_C_LANGUAGE_STANDARD = gnu11;
				GCC_DYNAMIC_NO_PIC = NO;
				GCC_NO_COMMON_BLOCKS = YES;
				GCC_OPTIMIZATION_LEVEL = 0;
				GCC_PREPROCESSOR_DEFINITIONS = (
					"DEBUG=1",
					"$(inherited)",
				);
				GCC_WARN_64_TO_32_BIT_CONVERSION = YES;
				GCC_WARN_ABOUT_RETURN_TYPE = YES_ERROR;
				GCC_WARN_UNDECLARED_SELECTOR = YES;
				GCC_WARN_UNINITIALIZED_AUTOS = YES_AGGRESSIVE;
				GCC_WARN_UNUSED_FUNCTION = YES;
				GCC_WARN_UNUSED_VARIABLE = YES;
				IPHONEOS_DEPLOYMENT_TARGET = 11.4;
				MTL_ENABLE_DEBUG_INFO = YES;
				ONLY_ACTIVE_ARCH = YES;
				SDKROOT = iphoneos;
				SWIFT_ACTIVE_COMPILATION_CONDITIONS = DEBUG;
				SWIFT_OPTIMIZATION_LEVEL = "-Onone";
			};
			name = Debug;
		};
		12D737CC2153714100CEA387 /* Release */ = {
			isa = XCBuildConfiguration;
			buildSettings = {
				ALWAYS_SEARCH_USER_PATHS = NO;
				CLANG_ANALYZER_NONNULL = YES;
				CLANG_ANALYZER_NUMBER_OBJECT_CONVERSION = YES_AGGRESSIVE;
				CLANG_CXX_LANGUAGE_STANDARD = "gnu++14";
				CLANG_CXX_LIBRARY = "libc++";
				CLANG_ENABLE_MODULES = YES;
				CLANG_ENABLE_OBJC_ARC = YES;
				CLANG_ENABLE_OBJC_WEAK = YES;
				CLANG_WARN_BLOCK_CAPTURE_AUTORELEASING = YES;
				CLANG_WARN_BOOL_CONVERSION = YES;
				CLANG_WARN_COMMA = YES;
				CLANG_WARN_CONSTANT_CONVERSION = YES;
				CLANG_WARN_DEPRECATED_OBJC_IMPLEMENTATIONS = YES;
				CLANG_WARN_DIRECT_OBJC_ISA_USAGE = YES_ERROR;
				CLANG_WARN_DOCUMENTATION_COMMENTS = YES;
				CLANG_WARN_EMPTY_BODY = YES;
				CLANG_WARN_ENUM_CONVERSION = YES;
				CLANG_WARN_INFINITE_RECURSION = YES;
				CLANG_WARN_INT_CONVERSION = YES;
				CLANG_WARN_NON_LITERAL_NULL_CONVERSION = YES;
				CLANG_WARN_OBJC_IMPLICIT_RETAIN_SELF = YES;
				CLANG_WARN_OBJC_LITERAL_CONVERSION = YES;
				CLANG_WARN_OBJC_ROOT_CLASS = YES_ERROR;
				CLANG_WARN_RANGE_LOOP_ANALYSIS = YES;
				CLANG_WARN_STRICT_PROTOTYPES = YES;
				CLANG_WARN_SUSPICIOUS_MOVE = YES;
				CLANG_WARN_UNGUARDED_AVAILABILITY = YES_AGGRESSIVE;
				CLANG_WARN_UNREACHABLE_CODE = YES;
				CLANG_WARN__DUPLICATE_METHOD_MATCH = YES;
				CODE_SIGN_IDENTITY = "iPhone Developer";
				COPY_PHASE_STRIP = NO;
				DEBUG_INFORMATION_FORMAT = "dwarf-with-dsym";
				ENABLE_NS_ASSERTIONS = NO;
				ENABLE_STRICT_OBJC_MSGSEND = YES;
				GCC_C_LANGUAGE_STANDARD = gnu11;
				GCC_NO_COMMON_BLOCKS = YES;
				GCC_WARN_64_TO_32_BIT_CONVERSION = YES;
				GCC_WARN_ABOUT_RETURN_TYPE = YES_ERROR;
				GCC_WARN_UNDECLARED_SELECTOR = YES;
				GCC_WARN_UNINITIALIZED_AUTOS = YES_AGGRESSIVE;
				GCC_WARN_UNUSED_FUNCTION = YES;
				GCC_WARN_UNUSED_VARIABLE = YES;
				IPHONEOS_DEPLOYMENT_TARGET = 11.4;
				MTL_ENABLE_DEBUG_INFO = NO;
				SDKROOT = iphoneos;
				SWIFT_COMPILATION_MODE = wholemodule;
				SWIFT_OPTIMIZATION_LEVEL = "-O";
				VALIDATE_PRODUCT = YES;
			};
			name = Release;
		};
		12D737CE2153714100CEA387 /* Debug */ = {
			isa = XCBuildConfiguration;
			buildSettings = {
				ASSETCATALOG_COMPILER_APPICON_NAME = AppIcon;
				CLANG_ENABLE_MODULES = YES;
				CODE_SIGN_STYLE = Automatic;
				DEVELOPMENT_TEAM = "";
				INFOPLIST_FILE = CXDatePickerSwift/Info.plist;
				LD_RUNPATH_SEARCH_PATHS = (
					"$(inherited)",
					"@executable_path/Frameworks",
				);
				PRODUCT_BUNDLE_IDENTIFIER = com.chenxi.CXDatePickerSwift;
				PRODUCT_NAME = "$(TARGET_NAME)";
				SWIFT_OPTIMIZATION_LEVEL = "-Onone";
				SWIFT_VERSION = 4.0;
				TARGETED_DEVICE_FAMILY = "1,2";
			};
			name = Debug;
		};
		12D737CF2153714100CEA387 /* Release */ = {
			isa = XCBuildConfiguration;
			buildSettings = {
				ASSETCATALOG_COMPILER_APPICON_NAME = AppIcon;
				CLANG_ENABLE_MODULES = YES;
				CODE_SIGN_STYLE = Automatic;
				DEVELOPMENT_TEAM = "";
				INFOPLIST_FILE = CXDatePickerSwift/Info.plist;
				LD_RUNPATH_SEARCH_PATHS = (
					"$(inherited)",
					"@executable_path/Frameworks",
				);
				PRODUCT_BUNDLE_IDENTIFIER = com.chenxi.CXDatePickerSwift;
				PRODUCT_NAME = "$(TARGET_NAME)";
				SWIFT_VERSION = 4.0;
				TARGETED_DEVICE_FAMILY = "1,2";
			};
			name = Release;
		};
/* End XCBuildConfiguration section */

/* Begin XCConfigurationList section */
		12D737B62153714000CEA387 /* Build configuration list for PBXProject "CXDatePickerSwift" */ = {
			isa = XCConfigurationList;
			buildConfigurations = (
				12D737CB2153714100CEA387 /* Debug */,
				12D737CC2153714100CEA387 /* Release */,
			);
			defaultConfigurationIsVisible = 0;
			defaultConfigurationName = Release;
		};
		12D737CD2153714100CEA387 /* Build configuration list for PBXNativeTarget "CXDatePickerSwift" */ = {
			isa = XCConfigurationList;
			buildConfigurations = (
				12D737CE2153714100CEA387 /* Debug */,
				12D737CF2153714100CEA387 /* Release */,
			);
			defaultConfigurationIsVisible = 0;
			defaultConfigurationName = Release;
		};
/* End XCConfigurationList section */
	};
	rootObject = 12D737B32153714000CEA387 /* Project object */;
}
